// !$*UTF8*$!
{
	archiveVersion = 1;
	classes = {
	};
	objectVersion = 56;
	objects = {

/* Begin PBXBuildFile section */
		3D55DFCC2BE3FCE700CC56AD /* ToDo_ListApp.swift in Sources */ = {isa = PBXBuildFile; fileRef = 3D55DFCB2BE3FCE700CC56AD /* ToDo_ListApp.swift */; };
		3D55DFCE2BE3FCE700CC56AD /* ContentView.swift in Sources */ = {isa = PBXBuildFile; fileRef = 3D55DFCD2BE3FCE700CC56AD /* ContentView.swift */; };
		3D55DFD02BE3FCEA00CC56AD /* Assets.xcassets in Resources */ = {isa = PBXBuildFile; fileRef = 3D55DFCF2BE3FCEA00CC56AD /* Assets.xcassets */; };
		3D55DFD32BE3FCEA00CC56AD /* Preview Assets.xcassets in Resources */ = {isa = PBXBuildFile; fileRef = 3D55DFD22BE3FCEA00CC56AD /* Preview Assets.xcassets */; };
		3D55DFDD2BE3FCEA00CC56AD /* ToDo_ListTests.swift in Sources */ = {isa = PBXBuildFile; fileRef = 3D55DFDC2BE3FCEA00CC56AD /* ToDo_ListTests.swift */; };
		3D55DFE72BE3FCEA00CC56AD /* ToDo_ListUITests.swift in Sources */ = {isa = PBXBuildFile; fileRef = 3D55DFE62BE3FCEA00CC56AD /* ToDo_ListUITests.swift */; };
		3D55DFE92BE3FCEA00CC56AD /* ToDo_ListUITestsLaunchTests.swift in Sources */ = {isa = PBXBuildFile; fileRef = 3D55DFE82BE3FCEA00CC56AD /* ToDo_ListUITestsLaunchTests.swift */; };
		3DBA92BC2BE40A2000CA7795 /* Todo.swift in Sources */ = {isa = PBXBuildFile; fileRef = 3DBA92BB2BE40A2000CA7795 /* Todo.swift */; };
		3DBA92BF2BE40A7600CA7795 /* TodoDetailView.swift in Sources */ = {isa = PBXBuildFile; fileRef = 3DBA92BE2BE40A7600CA7795 /* TodoDetailView.swift */; };
		3DBA92C32BE40ACE00CA7795 /* StatusIndicator.swift in Sources */ = {isa = PBXBuildFile; fileRef = 3DBA92C22BE40ACE00CA7795 /* StatusIndicator.swift */; };
/* End PBXBuildFile section */

/* Begin PBXContainerItemProxy section */
		3D55DFD92BE3FCEA00CC56AD /* PBXContainerItemProxy */ = {
			isa = PBXContainerItemProxy;
			containerPortal = 3D55DFC02BE3FCE700CC56AD /* Project object */;
			proxyType = 1;
			remoteGlobalIDString = 3D55DFC72BE3FCE700CC56AD;
			remoteInfo = "ToDo List";
		};
		3D55DFE32BE3FCEA00CC56AD /* PBXContainerItemProxy */ = {
			isa = PBXContainerItemProxy;
			containerPortal = 3D55DFC02BE3FCE700CC56AD /* Project object */;
			proxyType = 1;
			remoteGlobalIDString = 3D55DFC72BE3FCE700CC56AD;
			remoteInfo = "ToDo List";
		};
/* End PBXContainerItemProxy section */

/* Begin PBXFileReference section */
		3D55DFC82BE3FCE700CC56AD /* ToDo List.app */ = {isa = PBXFileReference; explicitFileType = wrapper.application; includeInIndex = 0; path = "ToDo List.app"; sourceTree = BUILT_PRODUCTS_DIR; };
		3D55DFCB2BE3FCE700CC56AD /* ToDo_ListApp.swift */ = {isa = PBXFileReference; lastKnownFileType = sourcecode.swift; path = ToDo_ListApp.swift; sourceTree = "<group>"; };
		3D55DFCD2BE3FCE700CC56AD /* ContentView.swift */ = {isa = PBXFileReference; lastKnownFileType = sourcecode.swift; path = ContentView.swift; sourceTree = "<group>"; };
		3D55DFCF2BE3FCEA00CC56AD /* Assets.xcassets */ = {isa = PBXFileReference; lastKnownFileType = folder.assetcatalog; path = Assets.xcassets; sourceTree = "<group>"; };
		3D55DFD22BE3FCEA00CC56AD /* Preview Assets.xcassets */ = {isa = PBXFileReference; lastKnownFileType = folder.assetcatalog; path = "Preview Assets.xcassets"; sourceTree = "<group>"; };
		3D55DFD82BE3FCEA00CC56AD /* ToDo ListTests.xctest */ = {isa = PBXFileReference; explicitFileType = wrapper.cfbundle; includeInIndex = 0; path = "ToDo ListTests.xctest"; sourceTree = BUILT_PRODUCTS_DIR; };
		3D55DFDC2BE3FCEA00CC56AD /* ToDo_ListTests.swift */ = {isa = PBXFileReference; lastKnownFileType = sourcecode.swift; path = ToDo_ListTests.swift; sourceTree = "<group>"; };
		3D55DFE22BE3FCEA00CC56AD /* ToDo ListUITests.xctest */ = {isa = PBXFileReference; explicitFileType = wrapper.cfbundle; includeInIndex = 0; path = "ToDo ListUITests.xctest"; sourceTree = BUILT_PRODUCTS_DIR; };
		3D55DFE62BE3FCEA00CC56AD /* ToDo_ListUITests.swift */ = {isa = PBXFileReference; lastKnownFileType = sourcecode.swift; path = ToDo_ListUITests.swift; sourceTree = "<group>"; };
		3D55DFE82BE3FCEA00CC56AD /* ToDo_ListUITestsLaunchTests.swift */ = {isa = PBXFileReference; lastKnownFileType = sourcecode.swift; path = ToDo_ListUITestsLaunchTests.swift; sourceTree = "<group>"; };
		3DBA92BB2BE40A2000CA7795 /* Todo.swift */ = {isa = PBXFileReference; lastKnownFileType = sourcecode.swift; path = Todo.swift; sourceTree = "<group>"; };
		3DBA92BE2BE40A7600CA7795 /* TodoDetailView.swift */ = {isa = PBXFileReference; lastKnownFileType = sourcecode.swift; path = TodoDetailView.swift; sourceTree = "<group>"; };
		3DBA92C22BE40ACE00CA7795 /* StatusIndicator.swift */ = {isa = PBXFileReference; lastKnownFileType = sourcecode.swift; path = StatusIndicator.swift; sourceTree = "<group>"; };
/* End PBXFileReference section */

/* Begin PBXFrameworksBuildPhase section */
		3D55DFC52BE3FCE700CC56AD /* Frameworks */ = {
			isa = PBXFrameworksBuildPhase;
			buildActionMask = 2147483647;
			files = (
			);
			runOnlyForDeploymentPostprocessing = 0;
		};
		3D55DFD52BE3FCEA00CC56AD /* Frameworks */ = {
			isa = PBXFrameworksBuildPhase;
			buildActionMask = 2147483647;
			files = (
			);
			runOnlyForDeploymentPostprocessing = 0;
		};
		3D55DFDF2BE3FCEA00CC56AD /* Frameworks */ = {
			isa = PBXFrameworksBuildPhase;
			buildActionMask = 2147483647;
			files = (
			);
			runOnlyForDeploymentPostprocessing = 0;
		};
/* End PBXFrameworksBuildPhase section */

/* Begin PBXGroup section */
		3D55DFBF2BE3FCE700CC56AD = {
			isa = PBXGroup;
			children = (
				3D55DFCA2BE3FCE700CC56AD /* ToDo List */,
				3D55DFDB2BE3FCEA00CC56AD /* ToDo ListTests */,
				3D55DFE52BE3FCEA00CC56AD /* ToDo ListUITests */,
				3D55DFC92BE3FCE700CC56AD /* Products */,
			);
			sourceTree = "<group>";
		};
		3D55DFC92BE3FCE700CC56AD /* Products */ = {
			isa = PBXGroup;
			children = (
				3D55DFC82BE3FCE700CC56AD /* ToDo List.app */,
				3D55DFD82BE3FCEA00CC56AD /* ToDo ListTests.xctest */,
				3D55DFE22BE3FCEA00CC56AD /* ToDo ListUITests.xctest */,
			);
			name = Products;
			sourceTree = "<group>";
		};
		3D55DFCA2BE3FCE700CC56AD /* ToDo List */ = {
			isa = PBXGroup;
			children = (
				3DBA92BD2BE40A6300CA7795 /* TodoDetailView */,
				3DBA92BA2BE40A0E00CA7795 /* Model */,
				3D55DFCB2BE3FCE700CC56AD /* ToDo_ListApp.swift */,
				3D55DFCD2BE3FCE700CC56AD /* ContentView.swift */,
				3D55DFCF2BE3FCEA00CC56AD /* Assets.xcassets */,
				3D55DFD12BE3FCEA00CC56AD /* Preview Content */,
			);
			path = "ToDo List";
			sourceTree = "<group>";
		};
		3D55DFD12BE3FCEA00CC56AD /* Preview Content */ = {
			isa = PBXGroup;
			children = (
				3D55DFD22BE3FCEA00CC56AD /* Preview Assets.xcassets */,
			);
			path = "Preview Content";
			sourceTree = "<group>";
		};
		3D55DFDB2BE3FCEA00CC56AD /* ToDo ListTests */ = {
			isa = PBXGroup;
			children = (
				3D55DFDC2BE3FCEA00CC56AD /* ToDo_ListTests.swift */,
			);
			path = "ToDo ListTests";
			sourceTree = "<group>";
		};
		3D55DFE52BE3FCEA00CC56AD /* ToDo ListUITests */ = {
			isa = PBXGroup;
			children = (
				3D55DFE62BE3FCEA00CC56AD /* ToDo_ListUITests.swift */,
				3D55DFE82BE3FCEA00CC56AD /* ToDo_ListUITestsLaunchTests.swift */,
			);
			path = "ToDo ListUITests";
			sourceTree = "<group>";
		};
		3DBA92BA2BE40A0E00CA7795 /* Model */ = {
			isa = PBXGroup;
			children = (
				3DBA92BB2BE40A2000CA7795 /* Todo.swift */,
			);
			path = Model;
			sourceTree = "<group>";
		};
		3DBA92BD2BE40A6300CA7795 /* TodoDetailView */ = {
			isa = PBXGroup;
			children = (
				3DBA92BE2BE40A7600CA7795 /* TodoDetailView.swift */,
				3DBA92C22BE40ACE00CA7795 /* StatusIndicator.swift */,
			);
			path = TodoDetailView;
			sourceTree = "<group>";
		};
/* End PBXGroup section */

/* Begin PBXNativeTarget section */
		3D55DFC72BE3FCE700CC56AD /* ToDo List */ = {
			isa = PBXNativeTarget;
			buildConfigurationList = 3D55DFEC2BE3FCEA00CC56AD /* Build configuration list for PBXNativeTarget "ToDo List" */;
			buildPhases = (
				3D55DFC42BE3FCE700CC56AD /* Sources */,
				3D55DFC52BE3FCE700CC56AD /* Frameworks */,
				3D55DFC62BE3FCE700CC56AD /* Resources */,
			);
			buildRules = (
			);
			dependencies = (
			);
			name = "ToDo List";
			productName = "ToDo List";
			productReference = 3D55DFC82BE3FCE700CC56AD /* ToDo List.app */;
			productType = "com.apple.product-type.application";
		};
		3D55DFD72BE3FCEA00CC56AD /* ToDo ListTests */ = {
			isa = PBXNativeTarget;
			buildConfigurationList = 3D55DFEF2BE3FCEA00CC56AD /* Build configuration list for PBXNativeTarget "ToDo ListTests" */;
			buildPhases = (
				3D55DFD42BE3FCEA00CC56AD /* Sources */,
				3D55DFD52BE3FCEA00CC56AD /* Frameworks */,
				3D55DFD62BE3FCEA00CC56AD /* Resources */,
			);
			buildRules = (
			);
			dependencies = (
				3D55DFDA2BE3FCEA00CC56AD /* PBXTargetDependency */,
			);
			name = "ToDo ListTests";
			productName = "ToDo ListTests";
			productReference = 3D55DFD82BE3FCEA00CC56AD /* ToDo ListTests.xctest */;
			productType = "com.apple.product-type.bundle.unit-test";
		};
		3D55DFE12BE3FCEA00CC56AD /* ToDo ListUITests */ = {
			isa = PBXNativeTarget;
			buildConfigurationList = 3D55DFF22BE3FCEA00CC56AD /* Build configuration list for PBXNativeTarget "ToDo ListUITests" */;
			buildPhases = (
				3D55DFDE2BE3FCEA00CC56AD /* Sources */,
				3D55DFDF2BE3FCEA00CC56AD /* Frameworks */,
				3D55DFE02BE3FCEA00CC56AD /* Resources */,
			);
			buildRules = (
			);
			dependencies = (
				3D55DFE42BE3FCEA00CC56AD /* PBXTargetDependency */,
			);
			name = "ToDo ListUITests";
			productName = "ToDo ListUITests";
			productReference = 3D55DFE22BE3FCEA00CC56AD /* ToDo ListUITests.xctest */;
			productType = "com.apple.product-type.bundle.ui-testing";
		};
/* End PBXNativeTarget section */

/* Begin PBXProject section */
		3D55DFC02BE3FCE700CC56AD /* Project object */ = {
			isa = PBXProject;
			attributes = {
				BuildIndependentTargetsInParallel = 1;
				LastSwiftUpdateCheck = 1530;
				LastUpgradeCheck = 1530;
				TargetAttributes = {
					3D55DFC72BE3FCE700CC56AD = {
						CreatedOnToolsVersion = 15.3;
					};
					3D55DFD72BE3FCEA00CC56AD = {
						CreatedOnToolsVersion = 15.3;
						TestTargetID = 3D55DFC72BE3FCE700CC56AD;
					};
					3D55DFE12BE3FCEA00CC56AD = {
						CreatedOnToolsVersion = 15.3;
						TestTargetID = 3D55DFC72BE3FCE700CC56AD;
					};
				};
			};
			buildConfigurationList = 3D55DFC32BE3FCE700CC56AD /* Build configuration list for PBXProject "ToDo List" */;
			compatibilityVersion = "Xcode 14.0";
			developmentRegion = en;
			hasScannedForEncodings = 0;
			knownRegions = (
				en,
				Base,
			);
			mainGroup = 3D55DFBF2BE3FCE700CC56AD;
			productRefGroup = 3D55DFC92BE3FCE700CC56AD /* Products */;
			projectDirPath = "";
			projectRoot = "";
			targets = (
				3D55DFC72BE3FCE700CC56AD /* ToDo List */,
				3D55DFD72BE3FCEA00CC56AD /* ToDo ListTests */,
				3D55DFE12BE3FCEA00CC56AD /* ToDo ListUITests */,
			);
		};
/* End PBXProject section */

/* Begin PBXResourcesBuildPhase section */
		3D55DFC62BE3FCE700CC56AD /* Resources */ = {
			isa = PBXResourcesBuildPhase;
			buildActionMask = 2147483647;
			files = (
				3D55DFD32BE3FCEA00CC56AD /* Preview Assets.xcassets in Resources */,
				3D55DFD02BE3FCEA00CC56AD /* Assets.xcassets in Resources */,
			);
			runOnlyForDeploymentPostprocessing = 0;
		};
		3D55DFD62BE3FCEA00CC56AD /* Resources */ = {
			isa = PBXResourcesBuildPhase;
			buildActionMask = 2147483647;
			files = (
			);
			runOnlyForDeploymentPostprocessing = 0;
		};
		3D55DFE02BE3FCEA00CC56AD /* Resources */ = {
			isa = PBXResourcesBuildPhase;
			buildActionMask = 2147483647;
			files = (
			);
			runOnlyForDeploymentPostprocessing = 0;
		};
/* End PBXResourcesBuildPhase section */

/* Begin PBXSourcesBuildPhase section */
		3D55DFC42BE3FCE700CC56AD /* Sources */ = {
			isa = PBXSourcesBuildPhase;
			buildActionMask = 2147483647;
			files = (
				3DBA92C32BE40ACE00CA7795 /* StatusIndicator.swift in Sources */,
				3D55DFCE2BE3FCE700CC56AD /* ContentView.swift in Sources */,
				3DBA92BC2BE40A2000CA7795 /* Todo.swift in Sources */,
				3D55DFCC2BE3FCE700CC56AD /* ToDo_ListApp.swift in Sources */,
				3DBA92BF2BE40A7600CA7795 /* TodoDetailView.swift in Sources */,
			);
			runOnlyForDeploymentPostprocessing = 0;
		};
		3D55DFD42BE3FCEA00CC56AD /* Sources */ = {
			isa = PBXSourcesBuildPhase;
			buildActionMask = 2147483647;
			files = (
				3D55DFDD2BE3FCEA00CC56AD /* ToDo_ListTests.swift in Sources */,
			);
			runOnlyForDeploymentPostprocessing = 0;
		};
		3D55DFDE2BE3FCEA00CC56AD /* Sources */ = {
			isa = PBXSourcesBuildPhase;
			buildActionMask = 2147483647;
			files = (
				3D55DFE92BE3FCEA00CC56AD /* ToDo_ListUITestsLaunchTests.swift in Sources */,
				3D55DFE72BE3FCEA00CC56AD /* ToDo_ListUITests.swift in Sources */,
			);
			runOnlyForDeploymentPostprocessing = 0;
		};
/* End PBXSourcesBuildPhase section */

/* Begin PBXTargetDependency section */
		3D55DFDA2BE3FCEA00CC56AD /* PBXTargetDependency */ = {
			isa = PBXTargetDependency;
			target = 3D55DFC72BE3FCE700CC56AD /* ToDo List */;
			targetProxy = 3D55DFD92BE3FCEA00CC56AD /* PBXContainerItemProxy */;
		};
		3D55DFE42BE3FCEA00CC56AD /* PBXTargetDependency */ = {
			isa = PBXTargetDependency;
			target = 3D55DFC72BE3FCE700CC56AD /* ToDo List */;
			targetProxy = 3D55DFE32BE3FCEA00CC56AD /* PBXContainerItemProxy */;
		};
/* End PBXTargetDependency section */

/* Begin XCBuildConfiguration section */
		3D55DFEA2BE3FCEA00CC56AD /* Debug */ = {
			isa = XCBuildConfiguration;
			buildSettings = {
				ALWAYS_SEARCH_USER_PATHS = NO;
				ASSETCATALOG_COMPILER_GENERATE_SWIFT_ASSET_SYMBOL_EXTENSIONS = YES;
				CLANG_ANALYZER_NONNULL = YES;
				CLANG_ANALYZER_NUMBER_OBJECT_CONVERSION = YES_AGGRESSIVE;
				CLANG_CXX_LANGUAGE_STANDARD = "gnu++20";
				CLANG_ENABLE_MODULES = YES;
				CLANG_ENABLE_OBJC_ARC = YES;
				CLANG_ENABLE_OBJC_WEAK = YES;
				CLANG_WARN_BLOCK_CAPTURE_AUTORELEASING = YES;
				CLANG_WARN_BOOL_CONVERSION = YES;
				CLANG_WARN_COMMA = YES;
				CLANG_WARN_CONSTANT_CONVERSION = YES;
				CLANG_WARN_DEPRECATED_OBJC_IMPLEMENTATIONS = YES;
				CLANG_WARN_DIRECT_OBJC_ISA_USAGE = YES_ERROR;
				CLANG_WARN_DOCUMENTATION_COMMENTS = YES;
				CLANG_WARN_EMPTY_BODY = YES;
				CLANG_WARN_ENUM_CONVERSION = YES;
				CLANG_WARN_INFINITE_RECURSION = YES;
				CLANG_WARN_INT_CONVERSION = YES;
				CLANG_WARN_NON_LITERAL_NULL_CONVERSION = YES;
				CLANG_WARN_OBJC_IMPLICIT_RETAIN_SELF = YES;
				CLANG_WARN_OBJC_LITERAL_CONVERSION = YES;
				CLANG_WARN_OBJC_ROOT_CLASS = YES_ERROR;
				CLANG_WARN_QUOTED_INCLUDE_IN_FRAMEWORK_HEADER = YES;
				CLANG_WARN_RANGE_LOOP_ANALYSIS = YES;
				CLANG_WARN_STRICT_PROTOTYPES = YES;
				CLANG_WARN_SUSPICIOUS_MOVE = YES;
				CLANG_WARN_UNGUARDED_AVAILABILITY = YES_AGGRESSIVE;
				CLANG_WARN_UNREACHABLE_CODE = YES;
				CLANG_WARN__DUPLICATE_METHOD_MATCH = YES;
				COPY_PHASE_STRIP = NO;
				DEBUG_INFORMATION_FORMAT = dwarf;
				ENABLE_STRICT_OBJC_MSGSEND = YES;
				ENABLE_TESTABILITY = YES;
				ENABLE_USER_SCRIPT_SANDBOXING = YES;
				GCC_C_LANGUAGE_STANDARD = gnu17;
				GCC_DYNAMIC_NO_PIC = NO;
				GCC_NO_COMMON_BLOCKS = YES;
				GCC_OPTIMIZATION_LEVEL = 0;
				GCC_PREPROCESSOR_DEFINITIONS = (
					"DEBUG=1",
					"$(inherited)",
				);
				GCC_WARN_64_TO_32_BIT_CONVERSION = YES;
				GCC_WARN_ABOUT_RETURN_TYPE = YES_ERROR;
				GCC_WARN_UNDECLARED_SELECTOR = YES;
				GCC_WARN_UNINITIALIZED_AUTOS = YES_AGGRESSIVE;
				GCC_WARN_UNUSED_FUNCTION = YES;
				GCC_WARN_UNUSED_VARIABLE = YES;
				IPHONEOS_DEPLOYMENT_TARGET = 17.4;
				LOCALIZATION_PREFERS_STRING_CATALOGS = YES;
				MTL_ENABLE_DEBUG_INFO = INCLUDE_SOURCE;
				MTL_FAST_MATH = YES;
				ONLY_ACTIVE_ARCH = YES;
				SDKROOT = iphoneos;
				SWIFT_ACTIVE_COMPILATION_CONDITIONS = "DEBUG $(inherited)";
				SWIFT_OPTIMIZATION_LEVEL = "-Onone";
			};
			name = Debug;
		};
		3D55DFEB2BE3FCEA00CC56AD /* Release */ = {
			isa = XCBuildConfiguration;
			buildSettings = {
				ALWAYS_SEARCH_USER_PATHS = NO;
				ASSETCATALOG_COMPILER_GENERATE_SWIFT_ASSET_SYMBOL_EXTENSIONS = YES;
				CLANG_ANALYZER_NONNULL = YES;
				CLANG_ANALYZER_NUMBER_OBJECT_CONVERSION = YES_AGGRESSIVE;
				CLANG_CXX_LANGUAGE_STANDARD = "gnu++20";
				CLANG_ENABLE_MODULES = YES;
				CLANG_ENABLE_OBJC_ARC = YES;
				CLANG_ENABLE_OBJC_WEAK = YES;
				CLANG_WARN_BLOCK_CAPTURE_AUTORELEASING = YES;
				CLANG_WARN_BOOL_CONVERSION = YES;
				CLANG_WARN_COMMA = YES;
				CLANG_WARN_CONSTANT_CONVERSION = YES;
				CLANG_WARN_DEPRECATED_OBJC_IMPLEMENTATIONS = YES;
				CLANG_WARN_DIRECT_OBJC_ISA_USAGE = YES_ERROR;
				CLANG_WARN_DOCUMENTATION_COMMENTS = YES;
				CLANG_WARN_EMPTY_BODY = YES;
				CLANG_WARN_ENUM_CONVERSION = YES;
				CLANG_WARN_INFINITE_RECURSION = YES;
				CLANG_WARN_INT_CONVERSION = YES;
				CLANG_WARN_NON_LITERAL_NULL_CONVERSION = YES;
				CLANG_WARN_OBJC_IMPLICIT_RETAIN_SELF = YES;
				CLANG_WARN_OBJC_LITERAL_CONVERSION = YES;
				CLANG_WARN_OBJC_ROOT_CLASS = YES_ERROR;
				CLANG_WARN_QUOTED_INCLUDE_IN_FRAMEWORK_HEADER = YES;
				CLANG_WARN_RANGE_LOOP_ANALYSIS = YES;
				CLANG_WARN_STRICT_PROTOTYPES = YES;
				CLANG_WARN_SUSPICIOUS_MOVE = YES;
				CLANG_WARN_UNGUARDED_AVAILABILITY = YES_AGGRESSIVE;
				CLANG_WARN_UNREACHABLE_CODE = YES;
				CLANG_WARN__DUPLICATE_METHOD_MATCH = YES;
				COPY_PHASE_STRIP = NO;
				DEBUG_INFORMATION_FORMAT = "dwarf-with-dsym";
				ENABLE_NS_ASSERTIONS = NO;
				ENABLE_STRICT_OBJC_MSGSEND = YES;
				ENABLE_USER_SCRIPT_SANDBOXING = YES;
				GCC_C_LANGUAGE_STANDARD = gnu17;
				GCC_NO_COMMON_BLOCKS = YES;
				GCC_WARN_64_TO_32_BIT_CONVERSION = YES;
				GCC_WARN_ABOUT_RETURN_TYPE = YES_ERROR;
				GCC_WARN_UNDECLARED_SELECTOR = YES;
				GCC_WARN_UNINITIALIZED_AUTOS = YES_AGGRESSIVE;
				GCC_WARN_UNUSED_FUNCTION = YES;
				GCC_WARN_UNUSED_VARIABLE = YES;
				IPHONEOS_DEPLOYMENT_TARGET = 17.4;
				LOCALIZATION_PREFERS_STRING_CATALOGS = YES;
				MTL_ENABLE_DEBUG_INFO = NO;
				MTL_FAST_MATH = YES;
				SDKROOT = iphoneos;
				SWIFT_COMPILATION_MODE = wholemodule;
				VALIDATE_PRODUCT = YES;
			};
			name = Release;
		};
		3D55DFED2BE3FCEA00CC56AD /* Debug */ = {
			isa = XCBuildConfiguration;
			buildSettings = {
				ASSETCATALOG_COMPILER_APPICON_NAME = AppIcon;
				ASSETCATALOG_COMPILER_GLOBAL_ACCENT_COLOR_NAME = AccentColor;
				CODE_SIGN_STYLE = Automatic;
				CURRENT_PROJECT_VERSION = 1;
				DEVELOPMENT_ASSET_PATHS = "\"ToDo List/Preview Content\"";
				ENABLE_PREVIEWS = YES;
				GENERATE_INFOPLIST_FILE = YES;
				INFOPLIST_KEY_UIApplicationSceneManifest_Generation = YES;
				INFOPLIST_KEY_UIApplicationSupportsIndirectInputEvents = YES;
				INFOPLIST_KEY_UILaunchScreen_Generation = YES;
				INFOPLIST_KEY_UISupportedInterfaceOrientations_iPad = "UIInterfaceOrientationPortrait UIInterfaceOrientationPortraitUpsideDown UIInterfaceOrientationLandscapeLeft UIInterfaceOrientationLandscapeRight";
				INFOPLIST_KEY_UISupportedInterfaceOrientations_iPhone = "UIInterfaceOrientationPortrait UIInterfaceOrientationLandscapeLeft UIInterfaceOrientationLandscapeRight";
				LD_RUNPATH_SEARCH_PATHS = (
					"$(inherited)",
					"@executable_path/Frameworks",
				);
				MARKETING_VERSION = 1.0;
				PRODUCT_BUNDLE_IDENTIFIER = "JE.ToDo-List";
				PRODUCT_NAME = "$(TARGET_NAME)";
				SWIFT_EMIT_LOC_STRINGS = YES;
				SWIFT_VERSION = 5.0;
				TARGETED_DEVICE_FAMILY = "1,2";
			};
			name = Debug;
		};
		3D55DFEE2BE3FCEA00CC56AD /* Release */ = {
			isa = XCBuildConfiguration;
			buildSettings = {
				ASSETCATALOG_COMPILER_APPICON_NAME = AppIcon;
				ASSETCATALOG_COMPILER_GLOBAL_ACCENT_COLOR_NAME = AccentColor;
				CODE_SIGN_STYLE = Automatic;
				CURRENT_PROJECT_VERSION = 1;
				DEVELOPMENT_ASSET_PATHS = "\"ToDo List/Preview Content\"";
				ENABLE_PREVIEWS = YES;
				GENERATE_INFOPLIST_FILE = YES;
				INFOPLIST_KEY_UIApplicationSceneManifest_Generation = YES;
				INFOPLIST_KEY_UIApplicationSupportsIndirectInputEvents = YES;
				INFOPLIST_KEY_UILaunchScreen_Generation = YES;
				INFOPLIST_KEY_UISupportedInterfaceOrientations_iPad = "UIInterfaceOrientationPortrait UIInterfaceOrientationPortraitUpsideDown UIInterfaceOrientationLandscapeLeft UIInterfaceOrientationLandscapeRight";
				INFOPLIST_KEY_UISupportedInterfaceOrientations_iPhone = "UIInterfaceOrientationPortrait UIInterfaceOrientationLandscapeLeft UIInterfaceOrientationLandscapeRight";
				LD_RUNPATH_SEARCH_PATHS = (
					"$(inherited)",
					"@executable_path/Frameworks",
				);
				MARKETING_VERSION = 1.0;
				PRODUCT_BUNDLE_IDENTIFIER = "JE.ToDo-List";
				PRODUCT_NAME = "$(TARGET_NAME)";
				SWIFT_EMIT_LOC_STRINGS = YES;
				SWIFT_VERSION = 5.0;
				TARGETED_DEVICE_FAMILY = "1,2";
			};
			name = Release;
		};
		3D55DFF02BE3FCEA00CC56AD /* Debug */ = {
			isa = XCBuildConfiguration;
			buildSettings = {
				ALWAYS_EMBED_SWIFT_STANDARD_LIBRARIES = YES;
				BUNDLE_LOADER = "$(TEST_HOST)";
				CODE_SIGN_STYLE = Automatic;
				CURRENT_PROJECT_VERSION = 1;
				GENERATE_INFOPLIST_FILE = YES;
				IPHONEOS_DEPLOYMENT_TARGET = 17.4;
				MARKETING_VERSION = 1.0;
				PRODUCT_BUNDLE_IDENTIFIER = "JE.ToDo-ListTests";
				PRODUCT_NAME = "$(TARGET_NAME)";
				SWIFT_EMIT_LOC_STRINGS = NO;
				SWIFT_VERSION = 5.0;
				TARGETED_DEVICE_FAMILY = "1,2";
				TEST_HOST = "$(BUILT_PRODUCTS_DIR)/ToDo List.app/$(BUNDLE_EXECUTABLE_FOLDER_PATH)/ToDo List";
			};
			name = Debug;
		};
		3D55DFF12BE3FCEA00CC56AD /* Release */ = {
			isa = XCBuildConfiguration;
			buildSettings = {
				ALWAYS_EMBED_SWIFT_STANDARD_LIBRARIES = YES;
				BUNDLE_LOADER = "$(TEST_HOST)";
				CODE_SIGN_STYLE = Automatic;
				CURRENT_PROJECT_VERSION = 1;
				GENERATE_INFOPLIST_FILE = YES;
				IPHONEOS_DEPLOYMENT_TARGET = 17.4;
				MARKETING_VERSION = 1.0;
				PRODUCT_BUNDLE_IDENTIFIER = "JE.ToDo-ListTests";
				PRODUCT_NAME = "$(TARGET_NAME)";
				SWIFT_EMIT_LOC_STRINGS = NO;
				SWIFT_VERSION = 5.0;
				TARGETED_DEVICE_FAMILY = "1,2";
				TEST_HOST = "$(BUILT_PRODUCTS_DIR)/ToDo List.app/$(BUNDLE_EXECUTABLE_FOLDER_PATH)/ToDo List";
			};
			name = Release;
		};
		3D55DFF32BE3FCEA00CC56AD /* Debug */ = {
			isa = XCBuildConfiguration;
			buildSettings = {
				ALWAYS_EMBED_SWIFT_STANDARD_LIBRARIES = YES;
				CODE_SIGN_STYLE = Automatic;
				CURRENT_PROJECT_VERSION = 1;
				GENERATE_INFOPLIST_FILE = YES;
				MARKETING_VERSION = 1.0;
				PRODUCT_BUNDLE_IDENTIFIER = "JE.ToDo-ListUITests";
				PRODUCT_NAME = "$(TARGET_NAME)";
				SWIFT_EMIT_LOC_STRINGS = NO;
				SWIFT_VERSION = 5.0;
				TARGETED_DEVICE_FAMILY = "1,2";
				TEST_TARGET_NAME = "ToDo List";
			};
			name = Debug;
		};
		3D55DFF42BE3FCEA00CC56AD /* Release */ = {
			isa = XCBuildConfiguration;
			buildSettings = {
				ALWAYS_EMBED_SWIFT_STANDARD_LIBRARIES = YES;
				CODE_SIGN_STYLE = Automatic;
				CURRENT_PROJECT_VERSION = 1;
				GENERATE_INFOPLIST_FILE = YES;
				MARKETING_VERSION = 1.0;
				PRODUCT_BUNDLE_IDENTIFIER = "JE.ToDo-ListUITests";
				PRODUCT_NAME = "$(TARGET_NAME)";
				SWIFT_EMIT_LOC_STRINGS = NO;
				SWIFT_VERSION = 5.0;
				TARGETED_DEVICE_FAMILY = "1,2";
				TEST_TARGET_NAME = "ToDo List";
			};
			name = Release;
		};
/* End XCBuildConfiguration section */

/* Begin XCConfigurationList section */
		3D55DFC32BE3FCE700CC56AD /* Build configuration list for PBXProject "ToDo List" */ = {
			isa = XCConfigurationList;
			buildConfigurations = (
				3D55DFEA2BE3FCEA00CC56AD /* Debug */,
				3D55DFEB2BE3FCEA00CC56AD /* Release */,
			);
			defaultConfigurationIsVisible = 0;
			defaultConfigurationName = Release;
		};
		3D55DFEC2BE3FCEA00CC56AD /* Build configuration list for PBXNativeTarget "ToDo List" */ = {
			isa = XCConfigurationList;
			buildConfigurations = (
				3D55DFED2BE3FCEA00CC56AD /* Debug */,
				3D55DFEE2BE3FCEA00CC56AD /* Release */,
			);
			defaultConfigurationIsVisible = 0;
			defaultConfigurationName = Release;
		};
		3D55DFEF2BE3FCEA00CC56AD /* Build configuration list for PBXNativeTarget "ToDo ListTests" */ = {
			isa = XCConfigurationList;
			buildConfigurations = (
				3D55DFF02BE3FCEA00CC56AD /* Debug */,
				3D55DFF12BE3FCEA00CC56AD /* Release */,
			);
			defaultConfigurationIsVisible = 0;
			defaultConfigurationName = Release;
		};
		3D55DFF22BE3FCEA00CC56AD /* Build configuration list for PBXNativeTarget "ToDo ListUITests" */ = {
			isa = XCConfigurationList;
			buildConfigurations = (
				3D55DFF32BE3FCEA00CC56AD /* Debug */,
				3D55DFF42BE3FCEA00CC56AD /* Release */,
			);
			defaultConfigurationIsVisible = 0;
			defaultConfigurationName = Release;
		};
/* End XCConfigurationList section */
	};
	rootObject = 3D55DFC02BE3FCE700CC56AD /* Project object */;
}
